
Microsoft Visual Studio Solution File, Format Version 12.00
# Visual Studio Version 17
VisualStudioVersion = 17.7.34221.43
MinimumVisualStudioVersion = 10.0.40219.1
Project("{9A19103F-16F7-4668-BE54-9A1E7A4F7556}") = "ChallengeApp21", "ChallengeApp21.csproj", "{E80058DE-3D33-445E-9940-93E9EC6782CB}"
EndProject
Project("{FAE04EC0-301F-11D3-BF4B-00C04F79EFBC}") = "TestProject9", "..\TestProject9\TestProject9.csproj", "{F5EC8ED6-A763-49AA-9474-6A71E48F49DD}"
EndProject
Global
	GlobalSection(SolutionConfigurationPlatforms) = preSolution
		Debug|Any CPU = Debug|Any CPU
		Release|Any CPU = Release|Any CPU
	EndGlobalSection
	GlobalSection(ProjectConfigurationPlatforms) = postSolution
		{E80058DE-3D33-445E-9940-93E9EC6782CB}.Debug|Any CPU.ActiveCfg = Debug|Any CPU
		{E80058DE-3D33-445E-9940-93E9EC6782CB}.Debug|Any CPU.Build.0 = Debug|Any CPU
		{E80058DE-3D33-445E-9940-93E9EC6782CB}.Release|Any CPU.ActiveCfg = Release|Any CPU
		{E80058DE-3D33-445E-9940-93E9EC6782CB}.Release|Any CPU.Build.0 = Release|Any CPU
		{F5EC8ED6-A763-49AA-9474-6A71E48F49DD}.Debug|Any CPU.ActiveCfg = Debug|Any CPU
		{F5EC8ED6-A763-49AA-9474-6A71E48F49DD}.Debug|Any CPU.Build.0 = Debug|Any CPU
		{F5EC8ED6-A763-49AA-9474-6A71E48F49DD}.Release|Any CPU.ActiveCfg = Release|Any CPU
		{F5EC8ED6-A763-49AA-9474-6A71E48F49DD}.Release|Any CPU.Build.0 = Release|Any CPU
	EndGlobalSection
	GlobalSection(SolutionProperties) = preSolution
		HideSolutionNode = FALSE
	EndGlobalSection
	GlobalSection(ExtensibilityGlobals) = postSolution
		SolutionGuid = {D65F7DA5-931A-4105-A0E8-588260431FB8}
	EndGlobalSection
EndGlobal
